// !$*UTF8*$!
{
	archiveVersion = 1;
	classes = {
	};
	objectVersion = 55;
	objects = {

/* Begin PBXBuildFile section */
		460340C8293060E8000C47CA /* AppDelegate.swift in Sources */ = {isa = PBXBuildFile; fileRef = 460340C7293060E8000C47CA /* AppDelegate.swift */; };
		460340CA293060E8000C47CA /* SceneDelegate.swift in Sources */ = {isa = PBXBuildFile; fileRef = 460340C9293060E8000C47CA /* SceneDelegate.swift */; };
		460340CC293060E8000C47CA /* GiggleViewController.swift in Sources */ = {isa = PBXBuildFile; fileRef = 460340CB293060E8000C47CA /* GiggleViewController.swift */; };
		460340CF293060E8000C47CA /* Main.storyboard in Resources */ = {isa = PBXBuildFile; fileRef = 460340CD293060E8000C47CA /* Main.storyboard */; };
		460340D1293060E9000C47CA /* Assets.xcassets in Resources */ = {isa = PBXBuildFile; fileRef = 460340D0293060E9000C47CA /* Assets.xcassets */; };
		460340D4293060E9000C47CA /* LaunchScreen.storyboard in Resources */ = {isa = PBXBuildFile; fileRef = 460340D2293060E9000C47CA /* LaunchScreen.storyboard */; };
		460340DC2930616F000C47CA /* GiggleModel.swift in Sources */ = {isa = PBXBuildFile; fileRef = 460340DB2930616F000C47CA /* GiggleModel.swift */; };
		460340DE293064BD000C47CA /* GiggleViewModel.swift in Sources */ = {isa = PBXBuildFile; fileRef = 460340DD293064BD000C47CA /* GiggleViewModel.swift */; };
		460340E02930653B000C47CA /* GiggleDataManager.swift in Sources */ = {isa = PBXBuildFile; fileRef = 460340DF2930653B000C47CA /* GiggleDataManager.swift */; };
		460340E22930654C000C47CA /* NetworkManager.swift in Sources */ = {isa = PBXBuildFile; fileRef = 460340E12930654C000C47CA /* NetworkManager.swift */; };
/* End PBXBuildFile section */

/* Begin PBXFileReference section */
		460340C4293060E8000C47CA /* Giggle.app */ = {isa = PBXFileReference; explicitFileType = wrapper.application; includeInIndex = 0; path = Giggle.app; sourceTree = BUILT_PRODUCTS_DIR; };
		460340C7293060E8000C47CA /* AppDelegate.swift */ = {isa = PBXFileReference; lastKnownFileType = sourcecode.swift; path = AppDelegate.swift; sourceTree = "<group>"; };
		460340C9293060E8000C47CA /* SceneDelegate.swift */ = {isa = PBXFileReference; lastKnownFileType = sourcecode.swift; path = SceneDelegate.swift; sourceTree = "<group>"; };
		460340CB293060E8000C47CA /* GiggleViewController.swift */ = {isa = PBXFileReference; lastKnownFileType = sourcecode.swift; path = GiggleViewController.swift; sourceTree = "<group>"; };
		460340CE293060E8000C47CA /* Base */ = {isa = PBXFileReference; lastKnownFileType = file.storyboard; name = Base; path = Base.lproj/Main.storyboard; sourceTree = "<group>"; };
		460340D0293060E9000C47CA /* Assets.xcassets */ = {isa = PBXFileReference; lastKnownFileType = folder.assetcatalog; path = Assets.xcassets; sourceTree = "<group>"; };
		460340D3293060E9000C47CA /* Base */ = {isa = PBXFileReference; lastKnownFileType = file.storyboard; name = Base; path = Base.lproj/LaunchScreen.storyboard; sourceTree = "<group>"; };
		460340D5293060E9000C47CA /* Info.plist */ = {isa = PBXFileReference; lastKnownFileType = text.plist.xml; path = Info.plist; sourceTree = "<group>"; };
		460340DB2930616F000C47CA /* GiggleModel.swift */ = {isa = PBXFileReference; lastKnownFileType = sourcecode.swift; path = GiggleModel.swift; sourceTree = "<group>"; };
		460340DD293064BD000C47CA /* GiggleViewModel.swift */ = {isa = PBXFileReference; lastKnownFileType = sourcecode.swift; path = GiggleViewModel.swift; sourceTree = "<group>"; };
		460340DF2930653B000C47CA /* GiggleDataManager.swift */ = {isa = PBXFileReference; lastKnownFileType = sourcecode.swift; path = GiggleDataManager.swift; sourceTree = "<group>"; };
		460340E12930654C000C47CA /* NetworkManager.swift */ = {isa = PBXFileReference; lastKnownFileType = sourcecode.swift; path = NetworkManager.swift; sourceTree = "<group>"; };
/* End PBXFileReference section */

/* Begin PBXFrameworksBuildPhase section */
		460340C1293060E8000C47CA /* Frameworks */ = {
			isa = PBXFrameworksBuildPhase;
			buildActionMask = 2147483647;
			files = (
			);
			runOnlyForDeploymentPostprocessing = 0;
		};
/* End PBXFrameworksBuildPhase section */

/* Begin PBXGroup section */
		460340BB293060E8000C47CA = {
			isa = PBXGroup;
			children = (
				460340C6293060E8000C47CA /* Giggle */,
				460340C5293060E8000C47CA /* Products */,
			);
			sourceTree = "<group>";
		};
		460340C5293060E8000C47CA /* Products */ = {
			isa = PBXGroup;
			children = (
				460340C4293060E8000C47CA /* Giggle.app */,
			);
			name = Products;
			sourceTree = "<group>";
		};
		460340C6293060E8000C47CA /* Giggle */ = {
			isa = PBXGroup;
			children = (
				460340E32930655B000C47CA /* App */,
				466DD73B2930671700A90066 /* ViewController */,
				466DD73A2930671000A90066 /* Model */,
				466DD7392930670800A90066 /* Service */,
				466DD738293066FD00A90066 /* Network */,
				466DD73C2930672200A90066 /* ViewModel */,
				466DD737293066DA00A90066 /* Views */,
				460340E429306588000C47CA /* View */,
				460340D0293060E9000C47CA /* Assets.xcassets */,
				460340D5293060E9000C47CA /* Info.plist */,
			);
			path = Giggle;
			sourceTree = "<group>";
		};
		460340E32930655B000C47CA /* App */ = {
			isa = PBXGroup;
			children = (
				460340C7293060E8000C47CA /* AppDelegate.swift */,
				460340C9293060E8000C47CA /* SceneDelegate.swift */,
			);
			path = App;
			sourceTree = "<group>";
		};
		460340E429306588000C47CA /* View */ = {
			isa = PBXGroup;
			children = (
			);
			path = View;
			sourceTree = "<group>";
		};
		466DD737293066DA00A90066 /* Views */ = {
			isa = PBXGroup;
			children = (
				460340CD293060E8000C47CA /* Main.storyboard */,
				460340D2293060E9000C47CA /* LaunchScreen.storyboard */,
			);
			path = Views;
			sourceTree = "<group>";
		};
		466DD738293066FD00A90066 /* Network */ = {
			isa = PBXGroup;
			children = (
				460340E12930654C000C47CA /* NetworkManager.swift */,
			);
			path = Network;
			sourceTree = "<group>";
		};
		466DD7392930670800A90066 /* Service */ = {
			isa = PBXGroup;
			children = (
				460340DF2930653B000C47CA /* GiggleDataManager.swift */,
			);
			path = Service;
			sourceTree = "<group>";
		};
		466DD73A2930671000A90066 /* Model */ = {
			isa = PBXGroup;
			children = (
				460340DB2930616F000C47CA /* GiggleModel.swift */,
			);
			path = Model;
			sourceTree = "<group>";
		};
		466DD73B2930671700A90066 /* ViewController */ = {
			isa = PBXGroup;
			children = (
				460340CB293060E8000C47CA /* GiggleViewController.swift */,
			);
			path = ViewController;
			sourceTree = "<group>";
		};
		466DD73C2930672200A90066 /* ViewModel */ = {
			isa = PBXGroup;
			children = (
				460340DD293064BD000C47CA /* GiggleViewModel.swift */,
			);
			path = ViewModel;
			sourceTree = "<group>";
		};
/* End PBXGroup section */

/* Begin PBXNativeTarget section */
		460340C3293060E8000C47CA /* Giggle */ = {
			isa = PBXNativeTarget;
			buildConfigurationList = 460340D8293060E9000C47CA /* Build configuration list for PBXNativeTarget "Giggle" */;
			buildPhases = (
				460340C0293060E8000C47CA /* Sources */,
				460340C1293060E8000C47CA /* Frameworks */,
				460340C2293060E8000C47CA /* Resources */,
			);
			buildRules = (
			);
			dependencies = (
			);
			name = Giggle;
			productName = Giggle;
			productReference = 460340C4293060E8000C47CA /* Giggle.app */;
			productType = "com.apple.product-type.application";
		};
/* End PBXNativeTarget section */

/* Begin PBXProject section */
		460340BC293060E8000C47CA /* Project object */ = {
			isa = PBXProject;
			attributes = {
				BuildIndependentTargetsInParallel = 1;
				LastSwiftUpdateCheck = 1340;
				LastUpgradeCheck = 1340;
				TargetAttributes = {
					460340C3293060E8000C47CA = {
						CreatedOnToolsVersion = 13.4.1;
					};
				};
			};
			buildConfigurationList = 460340BF293060E8000C47CA /* Build configuration list for PBXProject "Giggle" */;
			compatibilityVersion = "Xcode 13.0";
			developmentRegion = en;
			hasScannedForEncodings = 0;
			knownRegions = (
				en,
				Base,
			);
			mainGroup = 460340BB293060E8000C47CA;
			productRefGroup = 460340C5293060E8000C47CA /* Products */;
			projectDirPath = "";
			projectRoot = "";
			targets = (
				460340C3293060E8000C47CA /* Giggle */,
			);
		};
/* End PBXProject section */

/* Begin PBXResourcesBuildPhase section */
		460340C2293060E8000C47CA /* Resources */ = {
			isa = PBXResourcesBuildPhase;
			buildActionMask = 2147483647;
			files = (
				460340D4293060E9000C47CA /* LaunchScreen.storyboard in Resources */,
				460340D1293060E9000C47CA /* Assets.xcassets in Resources */,
				460340CF293060E8000C47CA /* Main.storyboard in Resources */,
			);
			runOnlyForDeploymentPostprocessing = 0;
		};
/* End PBXResourcesBuildPhase section */

/* Begin PBXSourcesBuildPhase section */
		460340C0293060E8000C47CA /* Sources */ = {
			isa = PBXSourcesBuildPhase;
			buildActionMask = 2147483647;
			files = (
				460340CC293060E8000C47CA /* GiggleViewController.swift in Sources */,
				460340C8293060E8000C47CA /* AppDelegate.swift in Sources */,
				460340DE293064BD000C47CA /* GiggleViewModel.swift in Sources */,
				460340E22930654C000C47CA /* NetworkManager.swift in Sources */,
				460340DC2930616F000C47CA /* GiggleModel.swift in Sources */,
				460340E02930653B000C47CA /* GiggleDataManager.swift in Sources */,
				460340CA293060E8000C47CA /* SceneDelegate.swift in Sources */,
			);
			runOnlyForDeploymentPostprocessing = 0;
		};
/* End PBXSourcesBuildPhase section */

/* Begin PBXVariantGroup section */
		460340CD293060E8000C47CA /* Main.storyboard */ = {
			isa = PBXVariantGroup;
			children = (
				460340CE293060E8000C47CA /* Base */,
			);
			name = Main.storyboard;
			sourceTree = "<group>";
		};
		460340D2293060E9000C47CA /* LaunchScreen.storyboard */ = {
			isa = PBXVariantGroup;
			children = (
				460340D3293060E9000C47CA /* Base */,
			);
			name = LaunchScreen.storyboard;
			sourceTree = "<group>";
		};
/* End PBXVariantGroup section */

/* Begin XCBuildConfiguration section */
		460340D6293060E9000C47CA /* Debug */ = {
			isa = XCBuildConfiguration;
			buildSettings = {
				ALWAYS_SEARCH_USER_PATHS = NO;
				CLANG_ANALYZER_NONNULL = YES;
				CLANG_ANALYZER_NUMBER_OBJECT_CONVERSION = YES_AGGRESSIVE;
				CLANG_CXX_LANGUAGE_STANDARD = "gnu++17";
				CLANG_ENABLE_MODULES = YES;
				CLANG_ENABLE_OBJC_ARC = YES;
				CLANG_ENABLE_OBJC_WEAK = YES;
				CLANG_WARN_BLOCK_CAPTURE_AUTORELEASING = YES;
				CLANG_WARN_BOOL_CONVERSION = YES;
				CLANG_WARN_COMMA = YES;
				CLANG_WARN_CONSTANT_CONVERSION = YES;
				CLANG_WARN_DEPRECATED_OBJC_IMPLEMENTATIONS = YES;
				CLANG_WARN_DIRECT_OBJC_ISA_USAGE = YES_ERROR;
				CLANG_WARN_DOCUMENTATION_COMMENTS = YES;
				CLANG_WARN_EMPTY_BODY = YES;
				CLANG_WARN_ENUM_CONVERSION = YES;
				CLANG_WARN_INFINITE_RECURSION = YES;
				CLANG_WARN_INT_CONVERSION = YES;
				CLANG_WARN_NON_LITERAL_NULL_CONVERSION = YES;
				CLANG_WARN_OBJC_IMPLICIT_RETAIN_SELF = YES;
				CLANG_WARN_OBJC_LITERAL_CONVERSION = YES;
				CLANG_WARN_OBJC_ROOT_CLASS = YES_ERROR;
				CLANG_WARN_QUOTED_INCLUDE_IN_FRAMEWORK_HEADER = YES;
				CLANG_WARN_RANGE_LOOP_ANALYSIS = YES;
				CLANG_WARN_STRICT_PROTOTYPES = YES;
				CLANG_WARN_SUSPICIOUS_MOVE = YES;
				CLANG_WARN_UNGUARDED_AVAILABILITY = YES_AGGRESSIVE;
				CLANG_WARN_UNREACHABLE_CODE = YES;
				CLANG_WARN__DUPLICATE_METHOD_MATCH = YES;
				COPY_PHASE_STRIP = NO;
				DEBUG_INFORMATION_FORMAT = dwarf;
				ENABLE_STRICT_OBJC_MSGSEND = YES;
				ENABLE_TESTABILITY = YES;
				GCC_C_LANGUAGE_STANDARD = gnu11;
				GCC_DYNAMIC_NO_PIC = NO;
				GCC_NO_COMMON_BLOCKS = YES;
				GCC_OPTIMIZATION_LEVEL = 0;
				GCC_PREPROCESSOR_DEFINITIONS = (
					"DEBUG=1",
					"$(inherited)",
				);
				GCC_WARN_64_TO_32_BIT_CONVERSION = YES;
				GCC_WARN_ABOUT_RETURN_TYPE = YES_ERROR;
				GCC_WARN_UNDECLARED_SELECTOR = YES;
				GCC_WARN_UNINITIALIZED_AUTOS = YES_AGGRESSIVE;
				GCC_WARN_UNUSED_FUNCTION = YES;
				GCC_WARN_UNUSED_VARIABLE = YES;
				IPHONEOS_DEPLOYMENT_TARGET = 15.5;
				MTL_ENABLE_DEBUG_INFO = INCLUDE_SOURCE;
				MTL_FAST_MATH = YES;
				ONLY_ACTIVE_ARCH = YES;
				SDKROOT = iphoneos;
				SWIFT_ACTIVE_COMPILATION_CONDITIONS = DEBUG;
				SWIFT_OPTIMIZATION_LEVEL = "-Onone";
			};
			name = Debug;
		};
		460340D7293060E9000C47CA /* Release */ = {
			isa = XCBuildConfiguration;
			buildSettings = {
				ALWAYS_SEARCH_USER_PATHS = NO;
				CLANG_ANALYZER_NONNULL = YES;
				CLANG_ANALYZER_NUMBER_OBJECT_CONVERSION = YES_AGGRESSIVE;
				CLANG_CXX_LANGUAGE_STANDARD = "gnu++17";
				CLANG_ENABLE_MODULES = YES;
				CLANG_ENABLE_OBJC_ARC = YES;
				CLANG_ENABLE_OBJC_WEAK = YES;
				CLANG_WARN_BLOCK_CAPTURE_AUTORELEASING = YES;
				CLANG_WARN_BOOL_CONVERSION = YES;
				CLANG_WARN_COMMA = YES;
				CLANG_WARN_CONSTANT_CONVERSION = YES;
				CLANG_WARN_DEPRECATED_OBJC_IMPLEMENTATIONS = YES;
				CLANG_WARN_DIRECT_OBJC_ISA_USAGE = YES_ERROR;
				CLANG_WARN_DOCUMENTATION_COMMENTS = YES;
				CLANG_WARN_EMPTY_BODY = YES;
				CLANG_WARN_ENUM_CONVERSION = YES;
				CLANG_WARN_INFINITE_RECURSION = YES;
				CLANG_WARN_INT_CONVERSION = YES;
				CLANG_WARN_NON_LITERAL_NULL_CONVERSION = YES;
				CLANG_WARN_OBJC_IMPLICIT_RETAIN_SELF = YES;
				CLANG_WARN_OBJC_LITERAL_CONVERSION = YES;
				CLANG_WARN_OBJC_ROOT_CLASS = YES_ERROR;
				CLANG_WARN_QUOTED_INCLUDE_IN_FRAMEWORK_HEADER = YES;
				CLANG_WARN_RANGE_LOOP_ANALYSIS = YES;
				CLANG_WARN_STRICT_PROTOTYPES = YES;
				CLANG_WARN_SUSPICIOUS_MOVE = YES;
				CLANG_WARN_UNGUARDED_AVAILABILITY = YES_AGGRESSIVE;
				CLANG_WARN_UNREACHABLE_CODE = YES;
				CLANG_WARN__DUPLICATE_METHOD_MATCH = YES;
				COPY_PHASE_STRIP = NO;
				DEBUG_INFORMATION_FORMAT = "dwarf-with-dsym";
				ENABLE_NS_ASSERTIONS = NO;
				ENABLE_STRICT_OBJC_MSGSEND = YES;
				GCC_C_LANGUAGE_STANDARD = gnu11;
				GCC_NO_COMMON_BLOCKS = YES;
				GCC_WARN_64_TO_32_BIT_CONVERSION = YES;
				GCC_WARN_ABOUT_RETURN_TYPE = YES_ERROR;
				GCC_WARN_UNDECLARED_SELECTOR = YES;
				GCC_WARN_UNINITIALIZED_AUTOS = YES_AGGRESSIVE;
				GCC_WARN_UNUSED_FUNCTION = YES;
				GCC_WARN_UNUSED_VARIABLE = YES;
				IPHONEOS_DEPLOYMENT_TARGET = 15.5;
				MTL_ENABLE_DEBUG_INFO = NO;
				MTL_FAST_MATH = YES;
				SDKROOT = iphoneos;
				SWIFT_COMPILATION_MODE = wholemodule;
				SWIFT_OPTIMIZATION_LEVEL = "-O";
				VALIDATE_PRODUCT = YES;
			};
			name = Release;
		};
		460340D9293060E9000C47CA /* Debug */ = {
			isa = XCBuildConfiguration;
			buildSettings = {
				ASSETCATALOG_COMPILER_APPICON_NAME = AppIcon;
				ASSETCATALOG_COMPILER_GLOBAL_ACCENT_COLOR_NAME = AccentColor;
				CODE_SIGN_STYLE = Automatic;
				CURRENT_PROJECT_VERSION = 1;
				DEVELOPMENT_TEAM = J2574LXM7W;
				GENERATE_INFOPLIST_FILE = YES;
				INFOPLIST_FILE = Giggle/Info.plist;
				INFOPLIST_KEY_UIApplicationSupportsIndirectInputEvents = YES;
				INFOPLIST_KEY_UILaunchStoryboardName = LaunchScreen;
				INFOPLIST_KEY_UIMainStoryboardFile = Main;
				INFOPLIST_KEY_UISupportedInterfaceOrientations_iPad = "UIInterfaceOrientationPortrait UIInterfaceOrientationPortraitUpsideDown UIInterfaceOrientationLandscapeLeft UIInterfaceOrientationLandscapeRight";
				INFOPLIST_KEY_UISupportedInterfaceOrientations_iPhone = "UIInterfaceOrientationPortrait UIInterfaceOrientationLandscapeLeft UIInterfaceOrientationLandscapeRight";
				LD_RUNPATH_SEARCH_PATHS = (
					"$(inherited)",
					"@executable_path/Frameworks",
				);
				MARKETING_VERSION = 1.0;
				PRODUCT_BUNDLE_IDENTIFIER = com.Giggle;
				PRODUCT_NAME = "$(TARGET_NAME)";
				SWIFT_EMIT_LOC_STRINGS = YES;
				SWIFT_VERSION = 5.0;
				TARGETED_DEVICE_FAMILY = "1,2";
			};
			name = Debug;
		};
		460340DA293060E9000C47CA /* Release */ = {
			isa = XCBuildConfiguration;
			buildSettings = {
				ASSETCATALOG_COMPILER_APPICON_NAME = AppIcon;
				ASSETCATALOG_COMPILER_GLOBAL_ACCENT_COLOR_NAME = AccentColor;
				CODE_SIGN_STYLE = Automatic;
				CURRENT_PROJECT_VERSION = 1;
				DEVELOPMENT_TEAM = J2574LXM7W;
				GENERATE_INFOPLIST_FILE = YES;
				INFOPLIST_FILE = Giggle/Info.plist;
				INFOPLIST_KEY_UIApplicationSupportsIndirectInputEvents = YES;
				INFOPLIST_KEY_UILaunchStoryboardName = LaunchScreen;
				INFOPLIST_KEY_UIMainStoryboardFile = Main;
				INFOPLIST_KEY_UISupportedInterfaceOrientations_iPad = "UIInterfaceOrientationPortrait UIInterfaceOrientationPortraitUpsideDown UIInterfaceOrientationLandscapeLeft UIInterfaceOrientationLandscapeRight";
				INFOPLIST_KEY_UISupportedInterfaceOrientations_iPhone = "UIInterfaceOrientationPortrait UIInterfaceOrientationLandscapeLeft UIInterfaceOrientationLandscapeRight";
				LD_RUNPATH_SEARCH_PATHS = (
					"$(inherited)",
					"@executable_path/Frameworks",
				);
				MARKETING_VERSION = 1.0;
				PRODUCT_BUNDLE_IDENTIFIER = com.Giggle;
				PRODUCT_NAME = "$(TARGET_NAME)";
				SWIFT_EMIT_LOC_STRINGS = YES;
				SWIFT_VERSION = 5.0;
				TARGETED_DEVICE_FAMILY = "1,2";
			};
			name = Release;
		};
/* End XCBuildConfiguration section */

/* Begin XCConfigurationList section */
		460340BF293060E8000C47CA /* Build configuration list for PBXProject "Giggle" */ = {
			isa = XCConfigurationList;
			buildConfigurations = (
				460340D6293060E9000C47CA /* Debug */,
				460340D7293060E9000C47CA /* Release */,
			);
			defaultConfigurationIsVisible = 0;
			defaultConfigurationName = Release;
		};
		460340D8293060E9000C47CA /* Build configuration list for PBXNativeTarget "Giggle" */ = {
			isa = XCConfigurationList;
			buildConfigurations = (
				460340D9293060E9000C47CA /* Debug */,
				460340DA293060E9000C47CA /* Release */,
			);
			defaultConfigurationIsVisible = 0;
			defaultConfigurationName = Release;
		};
/* End XCConfigurationList section */
	};
	rootObject = 460340BC293060E8000C47CA /* Project object */;
}
